// !$*UTF8*$!
{
	archiveVersion = 1;
	classes = {
	};
	objectVersion = 46;
	objects = {

/* Begin PBXBuildFile section */
		21E4D1621BACFBE20006005E /* Constants.swift in Sources */ = {isa = PBXBuildFile; fileRef = 21E4D1611BACFBE20006005E /* Constants.swift */; };
		21E6068D1BAA5C7600093FB6 /* FavoritedOrganizations.swift in Sources */ = {isa = PBXBuildFile; fileRef = 21E6068C1BAA5C7600093FB6 /* FavoritedOrganizations.swift */; };
		21F382A31B84E98600E5700C /* FilterVC.swift in Sources */ = {isa = PBXBuildFile; fileRef = 21F382A21B84E98600E5700C /* FilterVC.swift */; };
		21F382AD1B8BA85200E5700C /* OrganizationDescriptionVC.swift in Sources */ = {isa = PBXBuildFile; fileRef = 21F382AC1B8BA85200E5700C /* OrganizationDescriptionVC.swift */; };
		21F5D0301BA90D72006E1237 /* MapTVC.swift in Sources */ = {isa = PBXBuildFile; fileRef = 21F5D02F1BA90D72006E1237 /* MapTVC.swift */; };
		21F5D0321BA915F5006E1237 /* location.swift in Sources */ = {isa = PBXBuildFile; fileRef = 21F5D0311BA915F5006E1237 /* location.swift */; };
		AC03101B1B5C26B800554DD2 /* AppDelegate.swift in Sources */ = {isa = PBXBuildFile; fileRef = AC03101A1B5C26B800554DD2 /* AppDelegate.swift */; };
		AC03101E1B5C26B800554DD2 /* careerfair.xcdatamodeld in Sources */ = {isa = PBXBuildFile; fileRef = AC03101C1B5C26B800554DD2 /* careerfair.xcdatamodeld */; };
		AC0310231B5C26B800554DD2 /* Main.storyboard in Resources */ = {isa = PBXBuildFile; fileRef = AC0310211B5C26B800554DD2 /* Main.storyboard */; };
		AC0310251B5C26B800554DD2 /* Images.xcassets in Resources */ = {isa = PBXBuildFile; fileRef = AC0310241B5C26B800554DD2 /* Images.xcassets */; };
		AC0310281B5C26B800554DD2 /* LaunchScreen.xib in Resources */ = {isa = PBXBuildFile; fileRef = AC0310261B5C26B800554DD2 /* LaunchScreen.xib */; };
		AC0310341B5C26B900554DD2 /* careerfairTests.swift in Sources */ = {isa = PBXBuildFile; fileRef = AC0310331B5C26B900554DD2 /* careerfairTests.swift */; };
		AC366B841D09D3D400C29D80 /* mapMarker.swift in Sources */ = {isa = PBXBuildFile; fileRef = AC366B831D09D3D400C29D80 /* mapMarker.swift */; };
		AC366B861D09DEF700C29D80 /* LoadingSplashVC.swift in Sources */ = {isa = PBXBuildFile; fileRef = AC366B851D09DEF700C29D80 /* LoadingSplashVC.swift */; };
		AC5536FC1B670D6B00C66C7D /* organization.swift in Sources */ = {isa = PBXBuildFile; fileRef = AC5536FB1B670D6B00C66C7D /* organization.swift */; };
		AC9D7FF11B5F07CB0049107F /* MainCollectionViewController.swift in Sources */ = {isa = PBXBuildFile; fileRef = AC9D7FF01B5F07CB0049107F /* MainCollectionViewController.swift */; };
		AC9D7FF31B5F39AB0049107F /* MainCollectionViewCell.swift in Sources */ = {isa = PBXBuildFile; fileRef = AC9D7FF21B5F39AB0049107F /* MainCollectionViewCell.swift */; };
		ACF988911B6AF69F0024C113 /* currentOrgArray.swift in Sources */ = {isa = PBXBuildFile; fileRef = ACF988901B6AF69F0024C113 /* currentOrgArray.swift */; };
		ACF988971B6AF7DD0024C113 /* OrganizationsTableViewController.swift in Sources */ = {isa = PBXBuildFile; fileRef = ACF988961B6AF7DD0024C113 /* OrganizationsTableViewController.swift */; };
		ACF9889F1B6D689E0024C113 /* OrganizationTableViewCell.swift in Sources */ = {isa = PBXBuildFile; fileRef = ACF9889E1B6D689E0024C113 /* OrganizationTableViewCell.swift */; };
		F72526EF1BACE53B008EEE32 /* testScrollViewController.swift in Sources */ = {isa = PBXBuildFile; fileRef = F72526EE1BACE53B008EEE32 /* testScrollViewController.swift */; };
		F746FB561BA8869600885476 /* MapImageVC.swift in Sources */ = {isa = PBXBuildFile; fileRef = F746FB551BA8869600885476 /* MapImageVC.swift */; };
		F75E4C321BAB3E2B00080DEF /* navigationController.swift in Sources */ = {isa = PBXBuildFile; fileRef = F75E4C311BAB3E2B00080DEF /* navigationController.swift */; };
		F75E4C341BAB4EEE00080DEF /* MainCollectionViewHeader.swift in Sources */ = {isa = PBXBuildFile; fileRef = F75E4C331BAB4EEE00080DEF /* MainCollectionViewHeader.swift */; };
		F7BA7C321BA9E2B5005D036D /* EventsTVC.swift in Sources */ = {isa = PBXBuildFile; fileRef = F7BA7C311BA9E2B5005D036D /* EventsTVC.swift */; };
		F7BA7C341BA9E312005D036D /* EventsTableViewCell.swift in Sources */ = {isa = PBXBuildFile; fileRef = F7BA7C331BA9E312005D036D /* EventsTableViewCell.swift */; };
		F7BA7C361BA9E39E005D036D /* Events.swift in Sources */ = {isa = PBXBuildFile; fileRef = F7BA7C351BA9E39E005D036D /* Events.swift */; };
		F7BA7C3A1BA9E57A005D036D /* EventsDescriptionVC.swift in Sources */ = {isa = PBXBuildFile; fileRef = F7BA7C391BA9E57A005D036D /* EventsDescriptionVC.swift */; };
		F7DDE5F41BAAFB5A00395C62 /* ErrorHandler.swift in Sources */ = {isa = PBXBuildFile; fileRef = F7DDE5F31BAAFB5A00395C62 /* ErrorHandler.swift */; };
		F7DE96751BAA47020012C1F4 /* NotedOrganizations.swift in Sources */ = {isa = PBXBuildFile; fileRef = F7DE96741BAA47020012C1F4 /* NotedOrganizations.swift */; };
/* End PBXBuildFile section */

/* Begin PBXContainerItemProxy section */
		AC03102E1B5C26B900554DD2 /* PBXContainerItemProxy */ = {
			isa = PBXContainerItemProxy;
			containerPortal = AC03100D1B5C26B800554DD2 /* Project object */;
			proxyType = 1;
			remoteGlobalIDString = AC0310141B5C26B800554DD2;
			remoteInfo = careerfair;
		};
/* End PBXContainerItemProxy section */

/* Begin PBXFileReference section */
		21E4D1611BACFBE20006005E /* Constants.swift */ = {isa = PBXFileReference; fileEncoding = 4; lastKnownFileType = sourcecode.swift; path = Constants.swift; sourceTree = "<group>"; };
		21E6068C1BAA5C7600093FB6 /* FavoritedOrganizations.swift */ = {isa = PBXFileReference; fileEncoding = 4; lastKnownFileType = sourcecode.swift; path = FavoritedOrganizations.swift; sourceTree = "<group>"; };
		21F382A21B84E98600E5700C /* FilterVC.swift */ = {isa = PBXFileReference; fileEncoding = 4; lastKnownFileType = sourcecode.swift; path = FilterVC.swift; sourceTree = "<group>"; };
		21F382AC1B8BA85200E5700C /* OrganizationDescriptionVC.swift */ = {isa = PBXFileReference; fileEncoding = 4; lastKnownFileType = sourcecode.swift; path = OrganizationDescriptionVC.swift; sourceTree = "<group>"; };
		21F5D02F1BA90D72006E1237 /* MapTVC.swift */ = {isa = PBXFileReference; fileEncoding = 4; lastKnownFileType = sourcecode.swift; path = MapTVC.swift; sourceTree = "<group>"; };
		21F5D0311BA915F5006E1237 /* location.swift */ = {isa = PBXFileReference; fileEncoding = 4; lastKnownFileType = sourcecode.swift; path = location.swift; sourceTree = "<group>"; };
		AC0310151B5C26B800554DD2 /* careerfair.app */ = {isa = PBXFileReference; explicitFileType = wrapper.application; includeInIndex = 0; path = careerfair.app; sourceTree = BUILT_PRODUCTS_DIR; };
		AC0310191B5C26B800554DD2 /* Info.plist */ = {isa = PBXFileReference; lastKnownFileType = text.plist.xml; path = Info.plist; sourceTree = "<group>"; };
		AC03101A1B5C26B800554DD2 /* AppDelegate.swift */ = {isa = PBXFileReference; lastKnownFileType = sourcecode.swift; path = AppDelegate.swift; sourceTree = "<group>"; };
		AC03101D1B5C26B800554DD2 /* careerfair.xcdatamodel */ = {isa = PBXFileReference; lastKnownFileType = wrapper.xcdatamodel; path = careerfair.xcdatamodel; sourceTree = "<group>"; };
		AC0310221B5C26B800554DD2 /* Base */ = {isa = PBXFileReference; lastKnownFileType = file.storyboard; name = Base; path = Base.lproj/Main.storyboard; sourceTree = "<group>"; };
		AC0310241B5C26B800554DD2 /* Images.xcassets */ = {isa = PBXFileReference; lastKnownFileType = folder.assetcatalog; path = Images.xcassets; sourceTree = "<group>"; };
		AC0310271B5C26B800554DD2 /* Base */ = {isa = PBXFileReference; lastKnownFileType = file.xib; name = Base; path = Base.lproj/LaunchScreen.xib; sourceTree = "<group>"; };
		AC03102D1B5C26B900554DD2 /* careerfairTests.xctest */ = {isa = PBXFileReference; explicitFileType = wrapper.cfbundle; includeInIndex = 0; path = careerfairTests.xctest; sourceTree = BUILT_PRODUCTS_DIR; };
		AC0310321B5C26B900554DD2 /* Info.plist */ = {isa = PBXFileReference; lastKnownFileType = text.plist.xml; path = Info.plist; sourceTree = "<group>"; };
		AC0310331B5C26B900554DD2 /* careerfairTests.swift */ = {isa = PBXFileReference; lastKnownFileType = sourcecode.swift; path = careerfairTests.swift; sourceTree = "<group>"; };
		AC366B831D09D3D400C29D80 /* mapMarker.swift */ = {isa = PBXFileReference; fileEncoding = 4; lastKnownFileType = sourcecode.swift; path = mapMarker.swift; sourceTree = "<group>"; };
		AC366B851D09DEF700C29D80 /* LoadingSplashVC.swift */ = {isa = PBXFileReference; fileEncoding = 4; lastKnownFileType = sourcecode.swift; path = LoadingSplashVC.swift; sourceTree = "<group>"; };
		AC5536FB1B670D6B00C66C7D /* organization.swift */ = {isa = PBXFileReference; fileEncoding = 4; lastKnownFileType = sourcecode.swift; path = organization.swift; sourceTree = "<group>"; };
		AC9D7FF01B5F07CB0049107F /* MainCollectionViewController.swift */ = {isa = PBXFileReference; fileEncoding = 4; lastKnownFileType = sourcecode.swift; path = MainCollectionViewController.swift; sourceTree = "<group>"; };
		AC9D7FF21B5F39AB0049107F /* MainCollectionViewCell.swift */ = {isa = PBXFileReference; fileEncoding = 4; lastKnownFileType = sourcecode.swift; path = MainCollectionViewCell.swift; sourceTree = "<group>"; };
		ACF988901B6AF69F0024C113 /* currentOrgArray.swift */ = {isa = PBXFileReference; fileEncoding = 4; lastKnownFileType = sourcecode.swift; path = currentOrgArray.swift; sourceTree = "<group>"; };
		ACF988961B6AF7DD0024C113 /* OrganizationsTableViewController.swift */ = {isa = PBXFileReference; fileEncoding = 4; lastKnownFileType = sourcecode.swift; name = OrganizationsTableViewController.swift; path = ../OrganizationsTableViewController.swift; sourceTree = "<group>"; };
		ACF9889E1B6D689E0024C113 /* OrganizationTableViewCell.swift */ = {isa = PBXFileReference; fileEncoding = 4; lastKnownFileType = sourcecode.swift; path = OrganizationTableViewCell.swift; sourceTree = "<group>"; };
		F72526EE1BACE53B008EEE32 /* testScrollViewController.swift */ = {isa = PBXFileReference; fileEncoding = 4; lastKnownFileType = sourcecode.swift; name = testScrollViewController.swift; path = ../testScrollViewController.swift; sourceTree = "<group>"; };
		F746FB551BA8869600885476 /* MapImageVC.swift */ = {isa = PBXFileReference; fileEncoding = 4; lastKnownFileType = sourcecode.swift; name = MapImageVC.swift; path = ../MapImageVC.swift; sourceTree = "<group>"; };
		F75E4C311BAB3E2B00080DEF /* navigationController.swift */ = {isa = PBXFileReference; fileEncoding = 4; lastKnownFileType = sourcecode.swift; path = navigationController.swift; sourceTree = "<group>"; };
		F75E4C331BAB4EEE00080DEF /* MainCollectionViewHeader.swift */ = {isa = PBXFileReference; fileEncoding = 4; lastKnownFileType = sourcecode.swift; path = MainCollectionViewHeader.swift; sourceTree = "<group>"; };
		F7BA7C311BA9E2B5005D036D /* EventsTVC.swift */ = {isa = PBXFileReference; fileEncoding = 4; lastKnownFileType = sourcecode.swift; path = EventsTVC.swift; sourceTree = "<group>"; };
		F7BA7C331BA9E312005D036D /* EventsTableViewCell.swift */ = {isa = PBXFileReference; fileEncoding = 4; lastKnownFileType = sourcecode.swift; path = EventsTableViewCell.swift; sourceTree = "<group>"; };
		F7BA7C351BA9E39E005D036D /* Events.swift */ = {isa = PBXFileReference; fileEncoding = 4; lastKnownFileType = sourcecode.swift; path = Events.swift; sourceTree = "<group>"; };
		F7BA7C391BA9E57A005D036D /* EventsDescriptionVC.swift */ = {isa = PBXFileReference; fileEncoding = 4; lastKnownFileType = sourcecode.swift; name = EventsDescriptionVC.swift; path = ../EventsDescriptionVC.swift; sourceTree = "<group>"; };
		F7DDE5F31BAAFB5A00395C62 /* ErrorHandler.swift */ = {isa = PBXFileReference; fileEncoding = 4; lastKnownFileType = sourcecode.swift; path = ErrorHandler.swift; sourceTree = "<group>"; };
		F7DE96741BAA47020012C1F4 /* NotedOrganizations.swift */ = {isa = PBXFileReference; fileEncoding = 4; lastKnownFileType = sourcecode.swift; path = NotedOrganizations.swift; sourceTree = "<group>"; };
/* End PBXFileReference section */

/* Begin PBXFrameworksBuildPhase section */
		AC0310121B5C26B800554DD2 /* Frameworks */ = {
			isa = PBXFrameworksBuildPhase;
			buildActionMask = 2147483647;
			files = (
			);
			runOnlyForDeploymentPostprocessing = 0;
		};
		AC03102A1B5C26B900554DD2 /* Frameworks */ = {
			isa = PBXFrameworksBuildPhase;
			buildActionMask = 2147483647;
			files = (
			);
			runOnlyForDeploymentPostprocessing = 0;
		};
/* End PBXFrameworksBuildPhase section */

/* Begin PBXGroup section */
		AC03100C1B5C26B800554DD2 = {
			isa = PBXGroup;
			children = (
				AC0310171B5C26B800554DD2 /* careerfair */,
				AC0310301B5C26B900554DD2 /* careerfairTests */,
				AC0310161B5C26B800554DD2 /* Products */,
			);
			sourceTree = "<group>";
		};
		AC0310161B5C26B800554DD2 /* Products */ = {
			isa = PBXGroup;
			children = (
				AC0310151B5C26B800554DD2 /* careerfair.app */,
				AC03102D1B5C26B900554DD2 /* careerfairTests.xctest */,
			);
			name = Products;
			sourceTree = "<group>";
		};
		AC0310171B5C26B800554DD2 /* careerfair */ = {
			isa = PBXGroup;
			children = (
				AC03101A1B5C26B800554DD2 /* AppDelegate.swift */,
				F7DDE5F31BAAFB5A00395C62 /* ErrorHandler.swift */,
				AC9D7FF21B5F39AB0049107F /* MainCollectionViewCell.swift */,
				F75E4C331BAB4EEE00080DEF /* MainCollectionViewHeader.swift */,
				AC9D7FF01B5F07CB0049107F /* MainCollectionViewController.swift */,
				21F382A21B84E98600E5700C /* FilterVC.swift */,
				ACF9889E1B6D689E0024C113 /* OrganizationTableViewCell.swift */,
				21F382AC1B8BA85200E5700C /* OrganizationDescriptionVC.swift */,
				ACF988961B6AF7DD0024C113 /* OrganizationsTableViewController.swift */,
				AC5536FB1B670D6B00C66C7D /* organization.swift */,
				ACF988901B6AF69F0024C113 /* currentOrgArray.swift */,
				F746FB551BA8869600885476 /* MapImageVC.swift */,
				21F5D02F1BA90D72006E1237 /* MapTVC.swift */,
				21F5D0311BA915F5006E1237 /* location.swift */,
				AC366B831D09D3D400C29D80 /* mapMarker.swift */,
				F7BA7C331BA9E312005D036D /* EventsTableViewCell.swift */,
				F7BA7C311BA9E2B5005D036D /* EventsTVC.swift */,
				F7BA7C391BA9E57A005D036D /* EventsDescriptionVC.swift */,
				F7BA7C351BA9E39E005D036D /* Events.swift */,
				AC0310211B5C26B800554DD2 /* Main.storyboard */,
				AC366B851D09DEF700C29D80 /* LoadingSplashVC.swift */,
				F75E4C311BAB3E2B00080DEF /* navigationController.swift */,
				F72526EE1BACE53B008EEE32 /* testScrollViewController.swift */,
				21E4D1611BACFBE20006005E /* Constants.swift */,
				AC0310241B5C26B800554DD2 /* Images.xcassets */,
				F7DE96741BAA47020012C1F4 /* NotedOrganizations.swift */,
				21E6068C1BAA5C7600093FB6 /* FavoritedOrganizations.swift */,
				AC0310261B5C26B800554DD2 /* LaunchScreen.xib */,
				AC0310191B5C26B800554DD2 /* Info.plist */,
				AC03101C1B5C26B800554DD2 /* careerfair.xcdatamodeld */,
				AC0310181B5C26B800554DD2 /* Supporting Files */,
			);
			path = careerfair;
			sourceTree = "<group>";
		};
		AC0310181B5C26B800554DD2 /* Supporting Files */ = {
			isa = PBXGroup;
			children = (
			);
			name = "Supporting Files";
			sourceTree = "<group>";
		};
		AC0310301B5C26B900554DD2 /* careerfairTests */ = {
			isa = PBXGroup;
			children = (
				AC0310331B5C26B900554DD2 /* careerfairTests.swift */,
				AC0310311B5C26B900554DD2 /* Supporting Files */,
			);
			path = careerfairTests;
			sourceTree = "<group>";
		};
		AC0310311B5C26B900554DD2 /* Supporting Files */ = {
			isa = PBXGroup;
			children = (
				AC0310321B5C26B900554DD2 /* Info.plist */,
			);
			name = "Supporting Files";
			sourceTree = "<group>";
		};
/* End PBXGroup section */

/* Begin PBXNativeTarget section */
		AC0310141B5C26B800554DD2 /* careerfair */ = {
			isa = PBXNativeTarget;
			buildConfigurationList = AC0310371B5C26B900554DD2 /* Build configuration list for PBXNativeTarget "careerfair" */;
			buildPhases = (
				AC0310111B5C26B800554DD2 /* Sources */,
				AC0310121B5C26B800554DD2 /* Frameworks */,
				AC0310131B5C26B800554DD2 /* Resources */,
			);
			buildRules = (
			);
			dependencies = (
			);
			name = careerfair;
			productName = careerfair;
			productReference = AC0310151B5C26B800554DD2 /* careerfair.app */;
			productType = "com.apple.product-type.application";
		};
		AC03102C1B5C26B900554DD2 /* careerfairTests */ = {
			isa = PBXNativeTarget;
			buildConfigurationList = AC03103A1B5C26B900554DD2 /* Build configuration list for PBXNativeTarget "careerfairTests" */;
			buildPhases = (
				AC0310291B5C26B900554DD2 /* Sources */,
				AC03102A1B5C26B900554DD2 /* Frameworks */,
				AC03102B1B5C26B900554DD2 /* Resources */,
			);
			buildRules = (
			);
			dependencies = (
				AC03102F1B5C26B900554DD2 /* PBXTargetDependency */,
			);
			name = careerfairTests;
			productName = careerfairTests;
			productReference = AC03102D1B5C26B900554DD2 /* careerfairTests.xctest */;
			productType = "com.apple.product-type.bundle.unit-test";
		};
/* End PBXNativeTarget section */

/* Begin PBXProject section */
		AC03100D1B5C26B800554DD2 /* Project object */ = {
			isa = PBXProject;
			attributes = {
				LastSwiftMigration = 0710;
				LastSwiftUpdateCheck = 0710;
				LastUpgradeCheck = 0730;
				ORGANIZATIONNAME = AlexRobertsKatePanter;
				TargetAttributes = {
					AC0310141B5C26B800554DD2 = {
						CreatedOnToolsVersion = 6.4;
					};
					AC03102C1B5C26B900554DD2 = {
						CreatedOnToolsVersion = 6.4;
						TestTargetID = AC0310141B5C26B800554DD2;
					};
				};
			};
			buildConfigurationList = AC0310101B5C26B800554DD2 /* Build configuration list for PBXProject "careerfair" */;
			compatibilityVersion = "Xcode 3.2";
			developmentRegion = English;
			hasScannedForEncodings = 0;
			knownRegions = (
				en,
				Base,
			);
			mainGroup = AC03100C1B5C26B800554DD2;
			productRefGroup = AC0310161B5C26B800554DD2 /* Products */;
			projectDirPath = "";
			projectRoot = "";
			targets = (
				AC0310141B5C26B800554DD2 /* careerfair */,
				AC03102C1B5C26B900554DD2 /* careerfairTests */,
			);
		};
/* End PBXProject section */

/* Begin PBXResourcesBuildPhase section */
		AC0310131B5C26B800554DD2 /* Resources */ = {
			isa = PBXResourcesBuildPhase;
			buildActionMask = 2147483647;
			files = (
				AC0310231B5C26B800554DD2 /* Main.storyboard in Resources */,
				AC0310281B5C26B800554DD2 /* LaunchScreen.xib in Resources */,
				AC0310251B5C26B800554DD2 /* Images.xcassets in Resources */,
			);
			runOnlyForDeploymentPostprocessing = 0;
		};
		AC03102B1B5C26B900554DD2 /* Resources */ = {
			isa = PBXResourcesBuildPhase;
			buildActionMask = 2147483647;
			files = (
			);
			runOnlyForDeploymentPostprocessing = 0;
		};
/* End PBXResourcesBuildPhase section */

/* Begin PBXSourcesBuildPhase section */
		AC0310111B5C26B800554DD2 /* Sources */ = {
			isa = PBXSourcesBuildPhase;
			buildActionMask = 2147483647;
			files = (
				21F5D0321BA915F5006E1237 /* location.swift in Sources */,
				F7BA7C321BA9E2B5005D036D /* EventsTVC.swift in Sources */,
				21F382A31B84E98600E5700C /* FilterVC.swift in Sources */,
				ACF988971B6AF7DD0024C113 /* OrganizationsTableViewController.swift in Sources */,
				ACF9889F1B6D689E0024C113 /* OrganizationTableViewCell.swift in Sources */,
				AC9D7FF11B5F07CB0049107F /* MainCollectionViewController.swift in Sources */,
				AC9D7FF31B5F39AB0049107F /* MainCollectionViewCell.swift in Sources */,
				AC03101B1B5C26B800554DD2 /* AppDelegate.swift in Sources */,
				F7DE96751BAA47020012C1F4 /* NotedOrganizations.swift in Sources */,
				21E6068D1BAA5C7600093FB6 /* FavoritedOrganizations.swift in Sources */,
				AC5536FC1B670D6B00C66C7D /* organization.swift in Sources */,
				21F5D0301BA90D72006E1237 /* MapTVC.swift in Sources */,
				AC366B861D09DEF700C29D80 /* LoadingSplashVC.swift in Sources */,
				21F382AD1B8BA85200E5700C /* OrganizationDescriptionVC.swift in Sources */,
				F7BA7C341BA9E312005D036D /* EventsTableViewCell.swift in Sources */,
				AC366B841D09D3D400C29D80 /* mapMarker.swift in Sources */,
				F746FB561BA8869600885476 /* MapImageVC.swift in Sources */,
				F7BA7C361BA9E39E005D036D /* Events.swift in Sources */,
				F72526EF1BACE53B008EEE32 /* testScrollViewController.swift in Sources */,
				F75E4C341BAB4EEE00080DEF /* MainCollectionViewHeader.swift in Sources */,
				AC03101E1B5C26B800554DD2 /* careerfair.xcdatamodeld in Sources */,
				F7DDE5F41BAAFB5A00395C62 /* ErrorHandler.swift in Sources */,
				F75E4C321BAB3E2B00080DEF /* navigationController.swift in Sources */,
				F7BA7C3A1BA9E57A005D036D /* EventsDescriptionVC.swift in Sources */,
				ACF988911B6AF69F0024C113 /* currentOrgArray.swift in Sources */,
				21E4D1621BACFBE20006005E /* Constants.swift in Sources */,
			);
			runOnlyForDeploymentPostprocessing = 0;
		};
		AC0310291B5C26B900554DD2 /* Sources */ = {
			isa = PBXSourcesBuildPhase;
			buildActionMask = 2147483647;
			files = (
				AC0310341B5C26B900554DD2 /* careerfairTests.swift in Sources */,
			);
			runOnlyForDeploymentPostprocessing = 0;
		};
/* End PBXSourcesBuildPhase section */

/* Begin PBXTargetDependency section */
		AC03102F1B5C26B900554DD2 /* PBXTargetDependency */ = {
			isa = PBXTargetDependency;
			target = AC0310141B5C26B800554DD2 /* careerfair */;
			targetProxy = AC03102E1B5C26B900554DD2 /* PBXContainerItemProxy */;
		};
/* End PBXTargetDependency section */

/* Begin PBXVariantGroup section */
		AC0310211B5C26B800554DD2 /* Main.storyboard */ = {
			isa = PBXVariantGroup;
			children = (
				AC0310221B5C26B800554DD2 /* Base */,
			);
			name = Main.storyboard;
			sourceTree = "<group>";
		};
		AC0310261B5C26B800554DD2 /* LaunchScreen.xib */ = {
			isa = PBXVariantGroup;
			children = (
				AC0310271B5C26B800554DD2 /* Base */,
			);
			name = LaunchScreen.xib;
			sourceTree = "<group>";
		};
/* End PBXVariantGroup section */

/* Begin XCBuildConfiguration section */
		AC0310351B5C26B900554DD2 /* Debug */ = {
			isa = XCBuildConfiguration;
			buildSettings = {
				ALWAYS_SEARCH_USER_PATHS = NO;
				CLANG_CXX_LANGUAGE_STANDARD = "gnu++0x";
				CLANG_CXX_LIBRARY = "libc++";
				CLANG_ENABLE_MODULES = YES;
				CLANG_ENABLE_OBJC_ARC = YES;
				CLANG_WARN_BOOL_CONVERSION = YES;
				CLANG_WARN_CONSTANT_CONVERSION = YES;
				CLANG_WARN_DIRECT_OBJC_ISA_USAGE = YES_ERROR;
				CLANG_WARN_EMPTY_BODY = YES;
				CLANG_WARN_ENUM_CONVERSION = YES;
				CLANG_WARN_INT_CONVERSION = YES;
				CLANG_WARN_OBJC_ROOT_CLASS = YES_ERROR;
				CLANG_WARN_UNREACHABLE_CODE = YES;
				CLANG_WARN__DUPLICATE_METHOD_MATCH = YES;
				"CODE_SIGN_IDENTITY[sdk=iphoneos*]" = "iPhone Developer";
				COPY_PHASE_STRIP = NO;
				DEBUG_INFORMATION_FORMAT = "dwarf-with-dsym";
				ENABLE_STRICT_OBJC_MSGSEND = YES;
				ENABLE_TESTABILITY = YES;
				GCC_C_LANGUAGE_STANDARD = gnu99;
				GCC_DYNAMIC_NO_PIC = NO;
				GCC_NO_COMMON_BLOCKS = YES;
				GCC_OPTIMIZATION_LEVEL = 0;
				GCC_PREPROCESSOR_DEFINITIONS = (
					"DEBUG=1",
					"$(inherited)",
				);
				GCC_SYMBOLS_PRIVATE_EXTERN = NO;
				GCC_WARN_64_TO_32_BIT_CONVERSION = YES;
				GCC_WARN_ABOUT_RETURN_TYPE = YES_ERROR;
				GCC_WARN_UNDECLARED_SELECTOR = YES;
				GCC_WARN_UNINITIALIZED_AUTOS = YES_AGGRESSIVE;
				GCC_WARN_UNUSED_FUNCTION = YES;
				GCC_WARN_UNUSED_VARIABLE = YES;
				IPHONEOS_DEPLOYMENT_TARGET = 8.4;
				MTL_ENABLE_DEBUG_INFO = YES;
				ONLY_ACTIVE_ARCH = YES;
				SDKROOT = iphoneos;
				SWIFT_OPTIMIZATION_LEVEL = "-Onone";
			};
			name = Debug;
		};
		AC0310361B5C26B900554DD2 /* Release */ = {
			isa = XCBuildConfiguration;
			buildSettings = {
				ALWAYS_SEARCH_USER_PATHS = NO;
				CLANG_CXX_LANGUAGE_STANDARD = "gnu++0x";
				CLANG_CXX_LIBRARY = "libc++";
				CLANG_ENABLE_MODULES = YES;
				CLANG_ENABLE_OBJC_ARC = YES;
				CLANG_WARN_BOOL_CONVERSION = YES;
				CLANG_WARN_CONSTANT_CONVERSION = YES;
				CLANG_WARN_DIRECT_OBJC_ISA_USAGE = YES_ERROR;
				CLANG_WARN_EMPTY_BODY = YES;
				CLANG_WARN_ENUM_CONVERSION = YES;
				CLANG_WARN_INT_CONVERSION = YES;
				CLANG_WARN_OBJC_ROOT_CLASS = YES_ERROR;
				CLANG_WARN_UNREACHABLE_CODE = YES;
				CLANG_WARN__DUPLICATE_METHOD_MATCH = YES;
				"CODE_SIGN_IDENTITY[sdk=iphoneos*]" = "iPhone Developer";
				COPY_PHASE_STRIP = NO;
				DEBUG_INFORMATION_FORMAT = "dwarf-with-dsym";
				ENABLE_NS_ASSERTIONS = NO;
				ENABLE_STRICT_OBJC_MSGSEND = YES;
				GCC_C_LANGUAGE_STANDARD = gnu99;
				GCC_NO_COMMON_BLOCKS = YES;
				GCC_WARN_64_TO_32_BIT_CONVERSION = YES;
				GCC_WARN_ABOUT_RETURN_TYPE = YES_ERROR;
				GCC_WARN_UNDECLARED_SELECTOR = YES;
				GCC_WARN_UNINITIALIZED_AUTOS = YES_AGGRESSIVE;
				GCC_WARN_UNUSED_FUNCTION = YES;
				GCC_WARN_UNUSED_VARIABLE = YES;
				IPHONEOS_DEPLOYMENT_TARGET = 8.4;
				MTL_ENABLE_DEBUG_INFO = NO;
				SDKROOT = iphoneos;
				VALIDATE_PRODUCT = YES;
			};
			name = Release;
		};
		AC0310381B5C26B900554DD2 /* Debug */ = {
			isa = XCBuildConfiguration;
			buildSettings = {
				ASSETCATALOG_COMPILER_APPICON_NAME = AppIcon;
				INFOPLIST_FILE = careerfair/Info.plist;
				LD_RUNPATH_SEARCH_PATHS = "$(inherited) @executable_path/Frameworks";
				PRODUCT_BUNDLE_IDENTIFIER = "com.AlexRobertsKatePanter.$(PRODUCT_NAME:rfc1034identifier)";
				PRODUCT_NAME = "$(TARGET_NAME)";
			};
			name = Debug;
		};
		AC0310391B5C26B900554DD2 /* Release */ = {
			isa = XCBuildConfiguration;
			buildSettings = {
				ASSETCATALOG_COMPILER_APPICON_NAME = AppIcon;
				INFOPLIST_FILE = careerfair/Info.plist;
				LD_RUNPATH_SEARCH_PATHS = "$(inherited) @executable_path/Frameworks";
				PRODUCT_BUNDLE_IDENTIFIER = "com.AlexRobertsKatePanter.$(PRODUCT_NAME:rfc1034identifier)";
				PRODUCT_NAME = "$(TARGET_NAME)";
			};
			name = Release;
		};
		AC03103B1B5C26B900554DD2 /* Debug */ = {
			isa = XCBuildConfiguration;
			buildSettings = {
				BUNDLE_LOADER = "$(TEST_HOST)";
				FRAMEWORK_SEARCH_PATHS = (
					"$(SDKROOT)/Developer/Library/Frameworks",
					"$(inherited)",
				);
				GCC_PREPROCESSOR_DEFINITIONS = (
					"DEBUG=1",
					"$(inherited)",
				);
				INFOPLIST_FILE = careerfairTests/Info.plist;
				LD_RUNPATH_SEARCH_PATHS = "$(inherited) @executable_path/Frameworks @loader_path/Frameworks";
				PRODUCT_BUNDLE_IDENTIFIER = "com.AlexRobertsKatePanter.$(PRODUCT_NAME:rfc1034identifier)";
				PRODUCT_NAME = "$(TARGET_NAME)";
				TEST_HOST = "$(BUILT_PRODUCTS_DIR)/careerfair.app/careerfair";
			};
			name = Debug;
		};
		AC03103C1B5C26B900554DD2 /* Release */ = {
			isa = XCBuildConfiguration;
			buildSettings = {
				BUNDLE_LOADER = "$(TEST_HOST)";
				FRAMEWORK_SEARCH_PATHS = (
					"$(SDKROOT)/Developer/Library/Frameworks",
					"$(inherited)",
				);
				INFOPLIST_FILE = careerfairTests/Info.plist;
				LD_RUNPATH_SEARCH_PATHS = "$(inherited) @executable_path/Frameworks @loader_path/Frameworks";
				PRODUCT_BUNDLE_IDENTIFIER = "com.AlexRobertsKatePanter.$(PRODUCT_NAME:rfc1034identifier)";
				PRODUCT_NAME = "$(TARGET_NAME)";
				TEST_HOST = "$(BUILT_PRODUCTS_DIR)/careerfair.app/careerfair";
			};
			name = Release;
		};
/* End XCBuildConfiguration section */

/* Begin XCConfigurationList section */
		AC0310101B5C26B800554DD2 /* Build configuration list for PBXProject "careerfair" */ = {
			isa = XCConfigurationList;
			buildConfigurations = (
				AC0310351B5C26B900554DD2 /* Debug */,
				AC0310361B5C26B900554DD2 /* Release */,
			);
			defaultConfigurationIsVisible = 0;
			defaultConfigurationName = Release;
		};
		AC0310371B5C26B900554DD2 /* Build configuration list for PBXNativeTarget "careerfair" */ = {
			isa = XCConfigurationList;
			buildConfigurations = (
				AC0310381B5C26B900554DD2 /* Debug */,
				AC0310391B5C26B900554DD2 /* Release */,
			);
			defaultConfigurationIsVisible = 0;
			defaultConfigurationName = Release;
		};
		AC03103A1B5C26B900554DD2 /* Build configuration list for PBXNativeTarget "careerfairTests" */ = {
			isa = XCConfigurationList;
			buildConfigurations = (
				AC03103B1B5C26B900554DD2 /* Debug */,
				AC03103C1B5C26B900554DD2 /* Release */,
			);
			defaultConfigurationIsVisible = 0;
			defaultConfigurationName = Release;
		};
/* End XCConfigurationList section */

/* Begin XCVersionGroup section */
		AC03101C1B5C26B800554DD2 /* careerfair.xcdatamodeld */ = {
			isa = XCVersionGroup;
			children = (
				AC03101D1B5C26B800554DD2 /* careerfair.xcdatamodel */,
			);
			currentVersion = AC03101D1B5C26B800554DD2 /* careerfair.xcdatamodel */;
			path = careerfair.xcdatamodeld;
			sourceTree = "<group>";
			versionGroupType = wrapper.xcdatamodel;
		};
/* End XCVersionGroup section */
	};
	rootObject = AC03100D1B5C26B800554DD2 /* Project object */;
}
